// !$*UTF8*$!
{
	archiveVersion = 1;
	classes = {
	};
	objectVersion = 55;
	objects = {

/* Begin PBXBuildFile section */
		C048A8BD27F83E1900184ED5 /* Memory_GameApp.swift in Sources */ = {isa = PBXBuildFile; fileRef = C048A8BC27F83E1900184ED5 /* Memory_GameApp.swift */; };
		C048A8BF27F83E1900184ED5 /* EmojiMemoryGameView.swift in Sources */ = {isa = PBXBuildFile; fileRef = C048A8BE27F83E1900184ED5 /* EmojiMemoryGameView.swift */; };
		C048A8C127F83E1A00184ED5 /* Assets.xcassets in Resources */ = {isa = PBXBuildFile; fileRef = C048A8C027F83E1A00184ED5 /* Assets.xcassets */; };
		C048A8C427F83E1A00184ED5 /* Preview Assets.xcassets in Resources */ = {isa = PBXBuildFile; fileRef = C048A8C327F83E1A00184ED5 /* Preview Assets.xcassets */; };
		C048A8CB27F83E9400184ED5 /* MemoryGame.swift in Sources */ = {isa = PBXBuildFile; fileRef = C048A8CA27F83E9400184ED5 /* MemoryGame.swift */; };
		C048A8CD27F83EB700184ED5 /* AspectVGrid.swift in Sources */ = {isa = PBXBuildFile; fileRef = C048A8CC27F83EB700184ED5 /* AspectVGrid.swift */; };
		C048A8CF27F83ECD00184ED5 /* Pie.swift in Sources */ = {isa = PBXBuildFile; fileRef = C048A8CE27F83ECD00184ED5 /* Pie.swift */; };
		C048A8D127F83EEA00184ED5 /* Cardify.swift in Sources */ = {isa = PBXBuildFile; fileRef = C048A8D027F83EEA00184ED5 /* Cardify.swift */; };
		C048A8D327F83F0B00184ED5 /* EmojiMemoryGame.swift in Sources */ = {isa = PBXBuildFile; fileRef = C048A8D227F83F0B00184ED5 /* EmojiMemoryGame.swift */; };
/* End PBXBuildFile section */

/* Begin PBXFileReference section */
		C048A8B927F83E1900184ED5 /* Memory_Game.app */ = {isa = PBXFileReference; explicitFileType = wrapper.application; includeInIndex = 0; path = Memory_Game.app; sourceTree = BUILT_PRODUCTS_DIR; };
		C048A8BC27F83E1900184ED5 /* Memory_GameApp.swift */ = {isa = PBXFileReference; lastKnownFileType = sourcecode.swift; path = Memory_GameApp.swift; sourceTree = "<group>"; };
		C048A8BE27F83E1900184ED5 /* EmojiMemoryGameView.swift */ = {isa = PBXFileReference; lastKnownFileType = sourcecode.swift; path = EmojiMemoryGameView.swift; sourceTree = "<group>"; };
		C048A8C027F83E1A00184ED5 /* Assets.xcassets */ = {isa = PBXFileReference; lastKnownFileType = folder.assetcatalog; path = Assets.xcassets; sourceTree = "<group>"; };
		C048A8C327F83E1A00184ED5 /* Preview Assets.xcassets */ = {isa = PBXFileReference; lastKnownFileType = folder.assetcatalog; path = "Preview Assets.xcassets"; sourceTree = "<group>"; };
		C048A8CA27F83E9400184ED5 /* MemoryGame.swift */ = {isa = PBXFileReference; lastKnownFileType = sourcecode.swift; path = MemoryGame.swift; sourceTree = "<group>"; };
		C048A8CC27F83EB700184ED5 /* AspectVGrid.swift */ = {isa = PBXFileReference; lastKnownFileType = sourcecode.swift; path = AspectVGrid.swift; sourceTree = "<group>"; };
		C048A8CE27F83ECD00184ED5 /* Pie.swift */ = {isa = PBXFileReference; lastKnownFileType = sourcecode.swift; path = Pie.swift; sourceTree = "<group>"; };
		C048A8D027F83EEA00184ED5 /* Cardify.swift */ = {isa = PBXFileReference; lastKnownFileType = sourcecode.swift; path = Cardify.swift; sourceTree = "<group>"; };
		C048A8D227F83F0B00184ED5 /* EmojiMemoryGame.swift */ = {isa = PBXFileReference; lastKnownFileType = sourcecode.swift; path = EmojiMemoryGame.swift; sourceTree = "<group>"; };
/* End PBXFileReference section */

/* Begin PBXFrameworksBuildPhase section */
		C048A8B627F83E1900184ED5 /* Frameworks */ = {
			isa = PBXFrameworksBuildPhase;
			buildActionMask = 2147483647;
			files = (
			);
			runOnlyForDeploymentPostprocessing = 0;
		};
/* End PBXFrameworksBuildPhase section */

/* Begin PBXGroup section */
		C048A8B027F83E1900184ED5 = {
			isa = PBXGroup;
			children = (
				C048A8BB27F83E1900184ED5 /* Memory_Game */,
				C048A8BA27F83E1900184ED5 /* Products */,
			);
			sourceTree = "<group>";
		};
		C048A8BA27F83E1900184ED5 /* Products */ = {
			isa = PBXGroup;
			children = (
				C048A8B927F83E1900184ED5 /* Memory_Game.app */,
			);
			name = Products;
			sourceTree = "<group>";
		};
		C048A8BB27F83E1900184ED5 /* Memory_Game */ = {
			isa = PBXGroup;
			children = (
				C048A8BC27F83E1900184ED5 /* Memory_GameApp.swift */,
				C048A8CE27F83ECD00184ED5 /* Pie.swift */,
				C048A8D027F83EEA00184ED5 /* Cardify.swift */,
				C048A8CC27F83EB700184ED5 /* AspectVGrid.swift */,
				C048A8CA27F83E9400184ED5 /* MemoryGame.swift */,
				C048A8D227F83F0B00184ED5 /* EmojiMemoryGame.swift */,
				C048A8BE27F83E1900184ED5 /* EmojiMemoryGameView.swift */,
				C048A8C027F83E1A00184ED5 /* Assets.xcassets */,
				C048A8C227F83E1A00184ED5 /* Preview Content */,
			);
			path = Memory_Game;
			sourceTree = "<group>";
		};
		C048A8C227F83E1A00184ED5 /* Preview Content */ = {
			isa = PBXGroup;
			children = (
				C048A8C327F83E1A00184ED5 /* Preview Assets.xcassets */,
			);
			path = "Preview Content";
			sourceTree = "<group>";
		};
/* End PBXGroup section */

/* Begin PBXNativeTarget section */
		C048A8B827F83E1900184ED5 /* Memory_Game */ = {
			isa = PBXNativeTarget;
			buildConfigurationList = C048A8C727F83E1A00184ED5 /* Build configuration list for PBXNativeTarget "Memory_Game" */;
			buildPhases = (
				C048A8B527F83E1900184ED5 /* Sources */,
				C048A8B627F83E1900184ED5 /* Frameworks */,
				C048A8B727F83E1900184ED5 /* Resources */,
			);
			buildRules = (
			);
			dependencies = (
			);
			name = Memory_Game;
			productName = Memory_Game;
			productReference = C048A8B927F83E1900184ED5 /* Memory_Game.app */;
			productType = "com.apple.product-type.application";
		};
/* End PBXNativeTarget section */

/* Begin PBXProject section */
		C048A8B127F83E1900184ED5 /* Project object */ = {
			isa = PBXProject;
			attributes = {
				BuildIndependentTargetsInParallel = 1;
				LastSwiftUpdateCheck = 1330;
				LastUpgradeCheck = 1330;
				TargetAttributes = {
					C048A8B827F83E1900184ED5 = {
						CreatedOnToolsVersion = 13.3;
					};
				};
			};
			buildConfigurationList = C048A8B427F83E1900184ED5 /* Build configuration list for PBXProject "Memory_Game" */;
			compatibilityVersion = "Xcode 13.0";
			developmentRegion = en;
			hasScannedForEncodings = 0;
			knownRegions = (
				en,
				Base,
			);
			mainGroup = C048A8B027F83E1900184ED5;
			productRefGroup = C048A8BA27F83E1900184ED5 /* Products */;
			projectDirPath = "";
			projectRoot = "";
			targets = (
				C048A8B827F83E1900184ED5 /* Memory_Game */,
			);
		};
/* End PBXProject section */

/* Begin PBXResourcesBuildPhase section */
		C048A8B727F83E1900184ED5 /* Resources */ = {
			isa = PBXResourcesBuildPhase;
			buildActionMask = 2147483647;
			files = (
				C048A8C427F83E1A00184ED5 /* Preview Assets.xcassets in Resources */,
				C048A8C127F83E1A00184ED5 /* Assets.xcassets in Resources */,
			);
			runOnlyForDeploymentPostprocessing = 0;
		};
/* End PBXResourcesBuildPhase section */

/* Begin PBXSourcesBuildPhase section */
		C048A8B527F83E1900184ED5 /* Sources */ = {
			isa = PBXSourcesBuildPhase;
			buildActionMask = 2147483647;
			files = (
				C048A8D127F83EEA00184ED5 /* Cardify.swift in Sources */,
				C048A8CF27F83ECD00184ED5 /* Pie.swift in Sources */,
				C048A8CD27F83EB700184ED5 /* AspectVGrid.swift in Sources */,
				C048A8CB27F83E9400184ED5 /* MemoryGame.swift in Sources */,
				C048A8BF27F83E1900184ED5 /* EmojiMemoryGameView.swift in Sources */,
				C048A8BD27F83E1900184ED5 /* Memory_GameApp.swift in Sources */,
				C048A8D327F83F0B00184ED5 /* EmojiMemoryGame.swift in Sources */,
			);
			runOnlyForDeploymentPostprocessing = 0;
		};
/* End PBXSourcesBuildPhase section */

/* Begin XCBuildConfiguration section */
		C048A8C527F83E1A00184ED5 /* Debug */ = {
			isa = XCBuildConfiguration;
			buildSettings = {
				ALWAYS_SEARCH_USER_PATHS = NO;
				CLANG_ANALYZER_NONNULL = YES;
				CLANG_ANALYZER_NUMBER_OBJECT_CONVERSION = YES_AGGRESSIVE;
				CLANG_CXX_LANGUAGE_STANDARD = "gnu++17";
				CLANG_ENABLE_MODULES = YES;
				CLANG_ENABLE_OBJC_ARC = YES;
				CLANG_ENABLE_OBJC_WEAK = YES;
				CLANG_WARN_BLOCK_CAPTURE_AUTORELEASING = YES;
				CLANG_WARN_BOOL_CONVERSION = YES;
				CLANG_WARN_COMMA = YES;
				CLANG_WARN_CONSTANT_CONVERSION = YES;
				CLANG_WARN_DEPRECATED_OBJC_IMPLEMENTATIONS = YES;
				CLANG_WARN_DIRECT_OBJC_ISA_USAGE = YES_ERROR;
				CLANG_WARN_DOCUMENTATION_COMMENTS = YES;
				CLANG_WARN_EMPTY_BODY = YES;
				CLANG_WARN_ENUM_CONVERSION = YES;
				CLANG_WARN_INFINITE_RECURSION = YES;
				CLANG_WARN_INT_CONVERSION = YES;
				CLANG_WARN_NON_LITERAL_NULL_CONVERSION = YES;
				CLANG_WARN_OBJC_IMPLICIT_RETAIN_SELF = YES;
				CLANG_WARN_OBJC_LITERAL_CONVERSION = YES;
				CLANG_WARN_OBJC_ROOT_CLASS = YES_ERROR;
				CLANG_WARN_QUOTED_INCLUDE_IN_FRAMEWORK_HEADER = YES;
				CLANG_WARN_RANGE_LOOP_ANALYSIS = YES;
				CLANG_WARN_STRICT_PROTOTYPES = YES;
				CLANG_WARN_SUSPICIOUS_MOVE = YES;
				CLANG_WARN_UNGUARDED_AVAILABILITY = YES_AGGRESSIVE;
				CLANG_WARN_UNREACHABLE_CODE = YES;
				CLANG_WARN__DUPLICATE_METHOD_MATCH = YES;
				COPY_PHASE_STRIP = NO;
				DEBUG_INFORMATION_FORMAT = dwarf;
				ENABLE_STRICT_OBJC_MSGSEND = YES;
				ENABLE_TESTABILITY = YES;
				GCC_C_LANGUAGE_STANDARD = gnu11;
				GCC_DYNAMIC_NO_PIC = NO;
				GCC_NO_COMMON_BLOCKS = YES;
				GCC_OPTIMIZATION_LEVEL = 0;
				GCC_PREPROCESSOR_DEFINITIONS = (
					"DEBUG=1",
					"$(inherited)",
				);
				GCC_WARN_64_TO_32_BIT_CONVERSION = YES;
				GCC_WARN_ABOUT_RETURN_TYPE = YES_ERROR;
				GCC_WARN_UNDECLARED_SELECTOR = YES;
				GCC_WARN_UNINITIALIZED_AUTOS = YES_AGGRESSIVE;
				GCC_WARN_UNUSED_FUNCTION = YES;
				GCC_WARN_UNUSED_VARIABLE = YES;
				IPHONEOS_DEPLOYMENT_TARGET = 15.4;
				MTL_ENABLE_DEBUG_INFO = INCLUDE_SOURCE;
				MTL_FAST_MATH = YES;
				ONLY_ACTIVE_ARCH = YES;
				SDKROOT = iphoneos;
				SWIFT_ACTIVE_COMPILATION_CONDITIONS = DEBUG;
				SWIFT_OPTIMIZATION_LEVEL = "-Onone";
			};
			name = Debug;
		};
		C048A8C627F83E1A00184ED5 /* Release */ = {
			isa = XCBuildConfiguration;
			buildSettings = {
				ALWAYS_SEARCH_USER_PATHS = NO;
				CLANG_ANALYZER_NONNULL = YES;
				CLANG_ANALYZER_NUMBER_OBJECT_CONVERSION = YES_AGGRESSIVE;
				CLANG_CXX_LANGUAGE_STANDARD = "gnu++17";
				CLANG_ENABLE_MODULES = YES;
				CLANG_ENABLE_OBJC_ARC = YES;
				CLANG_ENABLE_OBJC_WEAK = YES;
				CLANG_WARN_BLOCK_CAPTURE_AUTORELEASING = YES;
				CLANG_WARN_BOOL_CONVERSION = YES;
				CLANG_WARN_COMMA = YES;
				CLANG_WARN_CONSTANT_CONVERSION = YES;
				CLANG_WARN_DEPRECATED_OBJC_IMPLEMENTATIONS = YES;
				CLANG_WARN_DIRECT_OBJC_ISA_USAGE = YES_ERROR;
				CLANG_WARN_DOCUMENTATION_COMMENTS = YES;
				CLANG_WARN_EMPTY_BODY = YES;
				CLANG_WARN_ENUM_CONVERSION = YES;
				CLANG_WARN_INFINITE_RECURSION = YES;
				CLANG_WARN_INT_CONVERSION = YES;
				CLANG_WARN_NON_LITERAL_NULL_CONVERSION = YES;
				CLANG_WARN_OBJC_IMPLICIT_RETAIN_SELF = YES;
				CLANG_WARN_OBJC_LITERAL_CONVERSION = YES;
				CLANG_WARN_OBJC_ROOT_CLASS = YES_ERROR;
				CLANG_WARN_QUOTED_INCLUDE_IN_FRAMEWORK_HEADER = YES;
				CLANG_WARN_RANGE_LOOP_ANALYSIS = YES;
				CLANG_WARN_STRICT_PROTOTYPES = YES;
				CLANG_WARN_SUSPICIOUS_MOVE = YES;
				CLANG_WARN_UNGUARDED_AVAILABILITY = YES_AGGRESSIVE;
				CLANG_WARN_UNREACHABLE_CODE = YES;
				CLANG_WARN__DUPLICATE_METHOD_MATCH = YES;
				COPY_PHASE_STRIP = NO;
				DEBUG_INFORMATION_FORMAT = "dwarf-with-dsym";
				ENABLE_NS_ASSERTIONS = NO;
				ENABLE_STRICT_OBJC_MSGSEND = YES;
				GCC_C_LANGUAGE_STANDARD = gnu11;
				GCC_NO_COMMON_BLOCKS = YES;
				GCC_WARN_64_TO_32_BIT_CONVERSION = YES;
				GCC_WARN_ABOUT_RETURN_TYPE = YES_ERROR;
				GCC_WARN_UNDECLARED_SELECTOR = YES;
				GCC_WARN_UNINITIALIZED_AUTOS = YES_AGGRESSIVE;
				GCC_WARN_UNUSED_FUNCTION = YES;
				GCC_WARN_UNUSED_VARIABLE = YES;
				IPHONEOS_DEPLOYMENT_TARGET = 15.4;
				MTL_ENABLE_DEBUG_INFO = NO;
				MTL_FAST_MATH = YES;
				SDKROOT = iphoneos;
				SWIFT_COMPILATION_MODE = wholemodule;
				SWIFT_OPTIMIZATION_LEVEL = "-O";
				VALIDATE_PRODUCT = YES;
			};
			name = Release;
		};
		C048A8C827F83E1A00184ED5 /* Debug */ = {
			isa = XCBuildConfiguration;
			buildSettings = {
				ASSETCATALOG_COMPILER_APPICON_NAME = AppIcon;
				ASSETCATALOG_COMPILER_GLOBAL_ACCENT_COLOR_NAME = AccentColor;
				CODE_SIGN_STYLE = Automatic;
				CURRENT_PROJECT_VERSION = 1;
				DEVELOPMENT_ASSET_PATHS = "\"Memory_Game/Preview Content\"";
				DEVELOPMENT_TEAM = PPFRU9WGX7;
				ENABLE_PREVIEWS = YES;
				GENERATE_INFOPLIST_FILE = YES;
				INFOPLIST_KEY_UIApplicationSceneManifest_Generation = YES;
				INFOPLIST_KEY_UIApplicationSupportsIndirectInputEvents = YES;
				INFOPLIST_KEY_UILaunchScreen_Generation = YES;
				INFOPLIST_KEY_UISupportedInterfaceOrientations_iPad = "UIInterfaceOrientationPortrait UIInterfaceOrientationPortraitUpsideDown UIInterfaceOrientationLandscapeLeft UIInterfaceOrientationLandscapeRight";
				INFOPLIST_KEY_UISupportedInterfaceOrientations_iPhone = "UIInterfaceOrientationPortrait UIInterfaceOrientationLandscapeLeft UIInterfaceOrientationLandscapeRight";
				LD_RUNPATH_SEARCH_PATHS = (
					"$(inherited)",
					"@executable_path/Frameworks",
				);
				MARKETING_VERSION = 1.0;
				PRODUCT_BUNDLE_IDENTIFIER = "venmeet.Memory-Game";
				PRODUCT_NAME = "$(TARGET_NAME)";
				SWIFT_EMIT_LOC_STRINGS = YES;
				SWIFT_VERSION = 5.0;
				TARGETED_DEVICE_FAMILY = "1,2";
			};
			name = Debug;
		};
		C048A8C927F83E1A00184ED5 /* Release */ = {
			isa = XCBuildConfiguration;
			buildSettings = {
				ASSETCATALOG_COMPILER_APPICON_NAME = AppIcon;
				ASSETCATALOG_COMPILER_GLOBAL_ACCENT_COLOR_NAME = AccentColor;
				CODE_SIGN_STYLE = Automatic;
				CURRENT_PROJECT_VERSION = 1;
				DEVELOPMENT_ASSET_PATHS = "\"Memory_Game/Preview Content\"";
				DEVELOPMENT_TEAM = PPFRU9WGX7;
				ENABLE_PREVIEWS = YES;
				GENERATE_INFOPLIST_FILE = YES;
				INFOPLIST_KEY_UIApplicationSceneManifest_Generation = YES;
				INFOPLIST_KEY_UIApplicationSupportsIndirectInputEvents = YES;
				INFOPLIST_KEY_UILaunchScreen_Generation = YES;
				INFOPLIST_KEY_UISupportedInterfaceOrientations_iPad = "UIInterfaceOrientationPortrait UIInterfaceOrientationPortraitUpsideDown UIInterfaceOrientationLandscapeLeft UIInterfaceOrientationLandscapeRight";
				INFOPLIST_KEY_UISupportedInterfaceOrientations_iPhone = "UIInterfaceOrientationPortrait UIInterfaceOrientationLandscapeLeft UIInterfaceOrientationLandscapeRight";
				LD_RUNPATH_SEARCH_PATHS = (
					"$(inherited)",
					"@executable_path/Frameworks",
				);
				MARKETING_VERSION = 1.0;
				PRODUCT_BUNDLE_IDENTIFIER = "venmeet.Memory-Game";
				PRODUCT_NAME = "$(TARGET_NAME)";
				SWIFT_EMIT_LOC_STRINGS = YES;
				SWIFT_VERSION = 5.0;
				TARGETED_DEVICE_FAMILY = "1,2";
			};
			name = Release;
		};
/* End XCBuildConfiguration section */

/* Begin XCConfigurationList section */
		C048A8B427F83E1900184ED5 /* Build configuration list for PBXProject "Memory_Game" */ = {
			isa = XCConfigurationList;
			buildConfigurations = (
				C048A8C527F83E1A00184ED5 /* Debug */,
				C048A8C627F83E1A00184ED5 /* Release */,
			);
			defaultConfigurationIsVisible = 0;
			defaultConfigurationName = Release;
		};
		C048A8C727F83E1A00184ED5 /* Build configuration list for PBXNativeTarget "Memory_Game" */ = {
			isa = XCConfigurationList;
			buildConfigurations = (
				C048A8C827F83E1A00184ED5 /* Debug */,
				C048A8C927F83E1A00184ED5 /* Release */,
			);
			defaultConfigurationIsVisible = 0;
			defaultConfigurationName = Release;
		};
/* End XCConfigurationList section */
	};
	rootObject = C048A8B127F83E1900184ED5 /* Project object */;
}
